
Microsoft Visual Studio Solution File, Format Version 12.00
# Visual Studio Version 16
VisualStudioVersion = 16.0.28803.156
MinimumVisualStudioVersion = 10.0.40219.1
Project("{9A19103F-16F7-4668-BE54-9A1E7A4F7556}") = "Shop.Common", "Shop.Common\Shop.Common.csproj", "{D48E3777-374B-45F3-BF0C-F2AF3DE158B4}"
EndProject
Project("{2150E333-8FDC-42A3-9474-1A3956D46DE8}") = "Backend", "Backend", "{FE3E2886-0BDB-4602-8A62-91B84F851E4A}"
EndProject
Project("{2150E333-8FDC-42A3-9474-1A3956D46DE8}") = "Frontend", "Frontend", "{ED834CC2-A1AC-47BB-A114-2D526CFA71B5}"
EndProject
Project("{2150E333-8FDC-42A3-9474-1A3956D46DE8}") = "Forms", "Forms", "{236BCD7C-02EC-4975-8B67-760B6790133A}"
EndProject
Project("{2150E333-8FDC-42A3-9474-1A3956D46DE8}") = "Classic", "Classic", "{D2AB7CE2-DAEC-4981-A13B-57600D5D179B}"
EndProject
Project("{9A19103F-16F7-4668-BE54-9A1E7A4F7556}") = "Shop.Web", "..\Shop.Web\Shop.Web.csproj", "{2763EBE6-0446-4F02-8A48-3C5F903703A6}"
EndProject
Project("{9A19103F-16F7-4668-BE54-9A1E7A4F7556}") = "Shop.UIForms", "..\Shop.UIForms\Shop.UIForms\Shop.UIForms.csproj", "{A1E1D932-5AD6-4593-8D6D-DCC67948876F}"
EndProject
Project("{FAE04EC0-301F-11D3-BF4B-00C04F79EFBC}") = "Shop.UIForms.Android", "..\Shop.UIForms\Shop.UIForms.Android\Shop.UIForms.Android.csproj", "{FE212533-F750-4866-BD08-D9D2EE6FFC49}"
EndProject
Project("{FAE04EC0-301F-11D3-BF4B-00C04F79EFBC}") = "Shop.UIForms.iOS", "..\Shop.UIForms\Shop.UIForms.iOS\Shop.UIForms.iOS.csproj", "{F17DCF19-179C-442A-A1A1-F7D27525E291}"
EndProject
Project("{9A19103F-16F7-4668-BE54-9A1E7A4F7556}") = "Shop.UIClassic", "..\Shop.UIClassic\Shop.UIClassic.csproj", "{BC84DA3F-EA4F-48A6-B579-C085766F816A}"
EndProject
Project("{FAE04EC0-301F-11D3-BF4B-00C04F79EFBC}") = "Shop.UIClassic.Android", "..\Shop.UIClassic.Android\Shop.UIClassic.Android.csproj", "{BA4283F6-FA4B-42AF-A2EE-F66DA9FEF3E6}"
EndProject
Project("{FAE04EC0-301F-11D3-BF4B-00C04F79EFBC}") = "Shop.UIClassic.iOS", "..\Shop.UIClassic.iOS\Shop.UIClassic.iOS.csproj", "{40024471-0F58-40D2-A2B2-7525C77E119A}"
EndProject
Global
	GlobalSection(SolutionConfigurationPlatforms) = preSolution
		Debug|Any CPU = Debug|Any CPU
		Debug|iPhone = Debug|iPhone
		Debug|iPhoneSimulator = Debug|iPhoneSimulator
		Release|Any CPU = Release|Any CPU
		Release|iPhone = Release|iPhone
		Release|iPhoneSimulator = Release|iPhoneSimulator
	EndGlobalSection
	GlobalSection(ProjectConfigurationPlatforms) = postSolution
		{D48E3777-374B-45F3-BF0C-F2AF3DE158B4}.Debug|Any CPU.ActiveCfg = Debug|Any CPU
		{D48E3777-374B-45F3-BF0C-F2AF3DE158B4}.Debug|Any CPU.Build.0 = Debug|Any CPU
		{D48E3777-374B-45F3-BF0C-F2AF3DE158B4}.Debug|iPhone.ActiveCfg = Debug|Any CPU
		{D48E3777-374B-45F3-BF0C-F2AF3DE158B4}.Debug|iPhone.Build.0 = Debug|Any CPU
		{D48E3777-374B-45F3-BF0C-F2AF3DE158B4}.Debug|iPhoneSimulator.ActiveCfg = Debug|Any CPU
		{D48E3777-374B-45F3-BF0C-F2AF3DE158B4}.Debug|iPhoneSimulator.Build.0 = Debug|Any CPU
		{D48E3777-374B-45F3-BF0C-F2AF3DE158B4}.Release|Any CPU.ActiveCfg = Release|Any CPU
		{D48E3777-374B-45F3-BF0C-F2AF3DE158B4}.Release|Any CPU.Build.0 = Release|Any CPU
		{D48E3777-374B-45F3-BF0C-F2AF3DE158B4}.Release|iPhone.ActiveCfg = Release|Any CPU
		{D48E3777-374B-45F3-BF0C-F2AF3DE158B4}.Release|iPhone.Build.0 = Release|Any CPU
		{D48E3777-374B-45F3-BF0C-F2AF3DE158B4}.Release|iPhoneSimulator.ActiveCfg = Release|Any CPU
		{D48E3777-374B-45F3-BF0C-F2AF3DE158B4}.Release|iPhoneSimulator.Build.0 = Release|Any CPU
		{2763EBE6-0446-4F02-8A48-3C5F903703A6}.Debug|Any CPU.ActiveCfg = Debug|Any CPU
		{2763EBE6-0446-4F02-8A48-3C5F903703A6}.Debug|Any CPU.Build.0 = Debug|Any CPU
		{2763EBE6-0446-4F02-8A48-3C5F903703A6}.Debug|iPhone.ActiveCfg = Debug|Any CPU
		{2763EBE6-0446-4F02-8A48-3C5F903703A6}.Debug|iPhone.Build.0 = Debug|Any CPU
		{2763EBE6-0446-4F02-8A48-3C5F903703A6}.Debug|iPhoneSimulator.ActiveCfg = Debug|Any CPU
		{2763EBE6-0446-4F02-8A48-3C5F903703A6}.Debug|iPhoneSimulator.Build.0 = Debug|Any CPU
		{2763EBE6-0446-4F02-8A48-3C5F903703A6}.Release|Any CPU.ActiveCfg = Release|Any CPU
		{2763EBE6-0446-4F02-8A48-3C5F903703A6}.Release|Any CPU.Build.0 = Release|Any CPU
		{2763EBE6-0446-4F02-8A48-3C5F903703A6}.Release|iPhone.ActiveCfg = Release|Any CPU
		{2763EBE6-0446-4F02-8A48-3C5F903703A6}.Release|iPhone.Build.0 = Release|Any CPU
		{2763EBE6-0446-4F02-8A48-3C5F903703A6}.Release|iPhoneSimulator.ActiveCfg = Release|Any CPU
		{2763EBE6-0446-4F02-8A48-3C5F903703A6}.Release|iPhoneSimulator.Build.0 = Release|Any CPU
		{A1E1D932-5AD6-4593-8D6D-DCC67948876F}.Debug|Any CPU.ActiveCfg = Debug|Any CPU
		{A1E1D932-5AD6-4593-8D6D-DCC67948876F}.Debug|Any CPU.Build.0 = Debug|Any CPU
		{A1E1D932-5AD6-4593-8D6D-DCC67948876F}.Debug|iPhone.ActiveCfg = Debug|Any CPU
		{A1E1D932-5AD6-4593-8D6D-DCC67948876F}.Debug|iPhone.Build.0 = Debug|Any CPU
		{A1E1D932-5AD6-4593-8D6D-DCC67948876F}.Debug|iPhoneSimulator.ActiveCfg = Debug|Any CPU
		{A1E1D932-5AD6-4593-8D6D-DCC67948876F}.Debug|iPhoneSimulator.Build.0 = Debug|Any CPU
		{A1E1D932-5AD6-4593-8D6D-DCC67948876F}.Release|Any CPU.ActiveCfg = Release|Any CPU
		{A1E1D932-5AD6-4593-8D6D-DCC67948876F}.Release|Any CPU.Build.0 = Release|Any CPU
		{A1E1D932-5AD6-4593-8D6D-DCC67948876F}.Release|iPhone.ActiveCfg = Release|Any CPU
		{A1E1D932-5AD6-4593-8D6D-DCC67948876F}.Release|iPhone.Build.0 = Release|Any CPU
		{A1E1D932-5AD6-4593-8D6D-DCC67948876F}.Release|iPhoneSimulator.ActiveCfg = Release|Any CPU
		{A1E1D932-5AD6-4593-8D6D-DCC67948876F}.Release|iPhoneSimulator.Build.0 = Release|Any CPU
		{FE212533-F750-4866-BD08-D9D2EE6FFC49}.Debug|Any CPU.ActiveCfg = Debug|Any CPU
		{FE212533-F750-4866-BD08-D9D2EE6FFC49}.Debug|Any CPU.Build.0 = Debug|Any CPU
		{FE212533-F750-4866-BD08-D9D2EE6FFC49}.Debug|Any CPU.Deploy.0 = Debug|Any CPU
		{FE212533-F750-4866-BD08-D9D2EE6FFC49}.Debug|iPhone.ActiveCfg = Debug|Any CPU
		{FE212533-F750-4866-BD08-D9D2EE6FFC49}.Debug|iPhone.Build.0 = Debug|Any CPU
		{FE212533-F750-4866-BD08-D9D2EE6FFC49}.Debug|iPhone.Deploy.0 = Debug|Any CPU
		{FE212533-F750-4866-BD08-D9D2EE6FFC49}.Debug|iPhoneSimulator.ActiveCfg = Debug|Any CPU
		{FE212533-F750-4866-BD08-D9D2EE6FFC49}.Debug|iPhoneSimulator.Build.0 = Debug|Any CPU
		{FE212533-F750-4866-BD08-D9D2EE6FFC49}.Debug|iPhoneSimulator.Deploy.0 = Debug|Any CPU
		{FE212533-F750-4866-BD08-D9D2EE6FFC49}.Release|Any CPU.ActiveCfg = Release|Any CPU
		{FE212533-F750-4866-BD08-D9D2EE6FFC49}.Release|Any CPU.Build.0 = Release|Any CPU
		{FE212533-F750-4866-BD08-D9D2EE6FFC49}.Release|Any CPU.Deploy.0 = Release|Any CPU
		{FE212533-F750-4866-BD08-D9D2EE6FFC49}.Release|iPhone.ActiveCfg = Release|Any CPU
		{FE212533-F750-4866-BD08-D9D2EE6FFC49}.Release|iPhone.Build.0 = Release|Any CPU
		{FE212533-F750-4866-BD08-D9D2EE6FFC49}.Release|iPhone.Deploy.0 = Release|Any CPU
		{FE212533-F750-4866-BD08-D9D2EE6FFC49}.Release|iPhoneSimulator.ActiveCfg = Release|Any CPU
		{FE212533-F750-4866-BD08-D9D2EE6FFC49}.Release|iPhoneSimulator.Build.0 = Release|Any CPU
		{FE212533-F750-4866-BD08-D9D2EE6FFC49}.Release|iPhoneSimulator.Deploy.0 = Release|Any CPU
		{F17DCF19-179C-442A-A1A1-F7D27525E291}.Debug|Any CPU.ActiveCfg = Debug|iPhone
		{F17DCF19-179C-442A-A1A1-F7D27525E291}.Debug|iPhone.ActiveCfg = Debug|iPhone
		{F17DCF19-179C-442A-A1A1-F7D27525E291}.Debug|iPhone.Build.0 = Debug|iPhone
		{F17DCF19-179C-442A-A1A1-F7D27525E291}.Debug|iPhoneSimulator.ActiveCfg = Debug|iPhoneSimulator
		{F17DCF19-179C-442A-A1A1-F7D27525E291}.Debug|iPhoneSimulator.Build.0 = Debug|iPhoneSimulator
		{F17DCF19-179C-442A-A1A1-F7D27525E291}.Release|Any CPU.ActiveCfg = Release|iPhone
		{F17DCF19-179C-442A-A1A1-F7D27525E291}.Release|iPhone.ActiveCfg = Release|iPhone
		{F17DCF19-179C-442A-A1A1-F7D27525E291}.Release|iPhone.Build.0 = Release|iPhone
		{F17DCF19-179C-442A-A1A1-F7D27525E291}.Release|iPhoneSimulator.ActiveCfg = Release|iPhoneSimulator
		{F17DCF19-179C-442A-A1A1-F7D27525E291}.Release|iPhoneSimulator.Build.0 = Release|iPhoneSimulator
		{BC84DA3F-EA4F-48A6-B579-C085766F816A}.Debug|Any CPU.ActiveCfg = Debug|Any CPU
		{BC84DA3F-EA4F-48A6-B579-C085766F816A}.Debug|Any CPU.Build.0 = Debug|Any CPU
		{BC84DA3F-EA4F-48A6-B579-C085766F816A}.Debug|iPhone.ActiveCfg = Debug|Any CPU
		{BC84DA3F-EA4F-48A6-B579-C085766F816A}.Debug|iPhone.Build.0 = Debug|Any CPU
		{BC84DA3F-EA4F-48A6-B579-C085766F816A}.Debug|iPhoneSimulator.ActiveCfg = Debug|Any CPU
		{BC84DA3F-EA4F-48A6-B579-C085766F816A}.Debug|iPhoneSimulator.Build.0 = Debug|Any CPU
		{BC84DA3F-EA4F-48A6-B579-C085766F816A}.Release|Any CPU.ActiveCfg = Release|Any CPU
		{BC84DA3F-EA4F-48A6-B579-C085766F816A}.Release|Any CPU.Build.0 = Release|Any CPU
		{BC84DA3F-EA4F-48A6-B579-C085766F816A}.Release|iPhone.ActiveCfg = Release|Any CPU
		{BC84DA3F-EA4F-48A6-B579-C085766F816A}.Release|iPhone.Build.0 = Release|Any CPU
		{BC84DA3F-EA4F-48A6-B579-C085766F816A}.Release|iPhoneSimulator.ActiveCfg = Release|Any CPU
		{BC84DA3F-EA4F-48A6-B579-C085766F816A}.Release|iPhoneSimulator.Build.0 = Release|Any CPU
		{BA4283F6-FA4B-42AF-A2EE-F66DA9FEF3E6}.Debug|Any CPU.ActiveCfg = Debug|Any CPU
		{BA4283F6-FA4B-42AF-A2EE-F66DA9FEF3E6}.Debug|Any CPU.Build.0 = Debug|Any CPU
		{BA4283F6-FA4B-42AF-A2EE-F66DA9FEF3E6}.Debug|Any CPU.Deploy.0 = Debug|Any CPU
		{BA4283F6-FA4B-42AF-A2EE-F66DA9FEF3E6}.Debug|iPhone.ActiveCfg = Debug|Any CPU
		{BA4283F6-FA4B-42AF-A2EE-F66DA9FEF3E6}.Debug|iPhone.Build.0 = Debug|Any CPU
		{BA4283F6-FA4B-42AF-A2EE-F66DA9FEF3E6}.Debug|iPhone.Deploy.0 = Debug|Any CPU
		{BA4283F6-FA4B-42AF-A2EE-F66DA9FEF3E6}.Debug|iPhoneSimulator.ActiveCfg = Debug|Any CPU
		{BA4283F6-FA4B-42AF-A2EE-F66DA9FEF3E6}.Debug|iPhoneSimulator.Build.0 = Debug|Any CPU
		{BA4283F6-FA4B-42AF-A2EE-F66DA9FEF3E6}.Debug|iPhoneSimulator.Deploy.0 = Debug|Any CPU
		{BA4283F6-FA4B-42AF-A2EE-F66DA9FEF3E6}.Release|Any CPU.ActiveCfg = Release|Any CPU
		{BA4283F6-FA4B-42AF-A2EE-F66DA9FEF3E6}.Release|Any CPU.Build.0 = Release|Any CPU
		{BA4283F6-FA4B-42AF-A2EE-F66DA9FEF3E6}.Release|Any CPU.Deploy.0 = Release|Any CPU
		{BA4283F6-FA4B-42AF-A2EE-F66DA9FEF3E6}.Release|iPhone.ActiveCfg = Release|Any CPU
		{BA4283F6-FA4B-42AF-A2EE-F66DA9FEF3E6}.Release|iPhone.Build.0 = Release|Any CPU
		{BA4283F6-FA4B-42AF-A2EE-F66DA9FEF3E6}.Release|iPhone.Deploy.0 = Release|Any CPU
		{BA4283F6-FA4B-42AF-A2EE-F66DA9FEF3E6}.Release|iPhoneSimulator.ActiveCfg = Release|Any CPU
		{BA4283F6-FA4B-42AF-A2EE-F66DA9FEF3E6}.Release|iPhoneSimulator.Build.0 = Release|Any CPU
		{BA4283F6-FA4B-42AF-A2EE-F66DA9FEF3E6}.Release|iPhoneSimulator.Deploy.0 = Release|Any CPU
		{40024471-0F58-40D2-A2B2-7525C77E119A}.Debug|Any CPU.ActiveCfg = Debug|iPhone
		{40024471-0F58-40D2-A2B2-7525C77E119A}.Debug|iPhone.ActiveCfg = Debug|iPhone
		{40024471-0F58-40D2-A2B2-7525C77E119A}.Debug|iPhone.Build.0 = Debug|iPhone
		{40024471-0F58-40D2-A2B2-7525C77E119A}.Debug|iPhoneSimulator.ActiveCfg = Debug|iPhoneSimulator
		{40024471-0F58-40D2-A2B2-7525C77E119A}.Debug|iPhoneSimulator.Build.0 = Debug|iPhoneSimulator
		{40024471-0F58-40D2-A2B2-7525C77E119A}.Release|Any CPU.ActiveCfg = Release|iPhone
		{40024471-0F58-40D2-A2B2-7525C77E119A}.Release|iPhone.ActiveCfg = Release|iPhone
		{40024471-0F58-40D2-A2B2-7525C77E119A}.Release|iPhone.Build.0 = Release|iPhone
		{40024471-0F58-40D2-A2B2-7525C77E119A}.Release|iPhoneSimulator.ActiveCfg = Release|iPhoneSimulator
		{40024471-0F58-40D2-A2B2-7525C77E119A}.Release|iPhoneSimulator.Build.0 = Release|iPhoneSimulator
	EndGlobalSection
	GlobalSection(SolutionProperties) = preSolution
		HideSolutionNode = FALSE
	EndGlobalSection
	GlobalSection(NestedProjects) = preSolution
		{236BCD7C-02EC-4975-8B67-760B6790133A} = {ED834CC2-A1AC-47BB-A114-2D526CFA71B5}
		{D2AB7CE2-DAEC-4981-A13B-57600D5D179B} = {ED834CC2-A1AC-47BB-A114-2D526CFA71B5}
		{2763EBE6-0446-4F02-8A48-3C5F903703A6} = {FE3E2886-0BDB-4602-8A62-91B84F851E4A}
		{A1E1D932-5AD6-4593-8D6D-DCC67948876F} = {236BCD7C-02EC-4975-8B67-760B6790133A}
		{FE212533-F750-4866-BD08-D9D2EE6FFC49} = {236BCD7C-02EC-4975-8B67-760B6790133A}
		{F17DCF19-179C-442A-A1A1-F7D27525E291} = {236BCD7C-02EC-4975-8B67-760B6790133A}
		{BC84DA3F-EA4F-48A6-B579-C085766F816A} = {D2AB7CE2-DAEC-4981-A13B-57600D5D179B}
		{BA4283F6-FA4B-42AF-A2EE-F66DA9FEF3E6} = {D2AB7CE2-DAEC-4981-A13B-57600D5D179B}
		{40024471-0F58-40D2-A2B2-7525C77E119A} = {D2AB7CE2-DAEC-4981-A13B-57600D5D179B}
	EndGlobalSection
	GlobalSection(ExtensibilityGlobals) = postSolution
		SolutionGuid = {AD7F881B-494F-49CA-AFCB-5A97A82E3216}
	EndGlobalSection
EndGlobal
